
Microsoft Visual Studio Solution File, Format Version 12.00
# Visual Studio Version 17
VisualStudioVersion = 17.12.35527.113 d17.12
MinimumVisualStudioVersion = 10.0.40219.1
Project("{FAE04EC0-301F-11D3-BF4B-00C04F79EFBC}") = "UDPServerApp", "UDPServerApp.csproj", "{CBF0FC29-69FD-4796-885C-E99B88908B25}"
EndProject
Project("{FAE04EC0-301F-11D3-BF4B-00C04F79EFBC}") = "UDPClientApp", "..\UDPClientApp\UDPClientApp.csproj", "{00C2B2EB-9723-4951-BD51-26DA171963DA}"
EndProject
Global
	GlobalSection(SolutionConfigurationPlatforms) = preSolution
		Debug|Any CPU = Debug|Any CPU
		Release|Any CPU = Release|Any CPU
	EndGlobalSection
	GlobalSection(ProjectConfigurationPlatforms) = postSolution
		{CBF0FC29-69FD-4796-885C-E99B88908B25}.Debug|Any CPU.ActiveCfg = Debug|Any CPU
		{CBF0FC29-69FD-4796-885C-E99B88908B25}.Debug|Any CPU.Build.0 = Debug|Any CPU
		{CBF0FC29-69FD-4796-885C-E99B88908B25}.Release|Any CPU.ActiveCfg = Release|Any CPU
		{CBF0FC29-69FD-4796-885C-E99B88908B25}.Release|Any CPU.Build.0 = Release|Any CPU
		{00C2B2EB-9723-4951-BD51-26DA171963DA}.Debug|Any CPU.ActiveCfg = Debug|Any CPU
		{00C2B2EB-9723-4951-BD51-26DA171963DA}.Debug|Any CPU.Build.0 = Debug|Any CPU
		{00C2B2EB-9723-4951-BD51-26DA171963DA}.Release|Any CPU.ActiveCfg = Release|Any CPU
		{00C2B2EB-9723-4951-BD51-26DA171963DA}.Release|Any CPU.Build.0 = Release|Any CPU
	EndGlobalSection
	GlobalSection(SolutionProperties) = preSolution
		HideSolutionNode = FALSE
	EndGlobalSection
EndGlobal
